{
  "requires": true,
  "lockfileVersion": 1,
  "dependencies": {
    "intl-tel-input": {
      "version": "16.0.11",
      "resolved": "https://registry.npmjs.org/intl-tel-input/-/intl-tel-input-16.0.11.tgz",
      "integrity": "sha512-ouuoUDVM+iYtLJFwWAqATFWGxTIt/HTtWVVVIBRQdhbnjAkDU0gdzpk2JJn4i3Ttqvymo9Z5MkQr8zcxmVe2vg=="
    }
  }
}
